
Microsoft Visual Studio Solution File, Format Version 12.00
# Visual Studio Version 17
VisualStudioVersion = 17.11.35312.102
MinimumVisualStudioVersion = 10.0.40219.1
Project("{FAE04EC0-301F-11D3-BF4B-00C04F79EFBC}") = "Common", "Common\Common.csproj", "{9463FA72-00DD-46A1-B285-86E8863EFBDC}"
EndProject
Project("{FAE04EC0-301F-11D3-BF4B-00C04F79EFBC}") = "Client", "Client\Client.csproj", "{5E380937-2E67-4F7E-8058-FC7BFBB9246B}"
EndProject
Global
	GlobalSection(SolutionConfigurationPlatforms) = preSolution
		Debug|Any CPU = Debug|Any CPU
		Release|Any CPU = Release|Any CPU
	EndGlobalSection
	GlobalSection(ProjectConfigurationPlatforms) = postSolution
		{9463FA72-00DD-46A1-B285-86E8863EFBDC}.Debug|Any CPU.ActiveCfg = Debug|Any CPU
		{9463FA72-00DD-46A1-B285-86E8863EFBDC}.Debug|Any CPU.Build.0 = Debug|Any CPU
		{9463FA72-00DD-46A1-B285-86E8863EFBDC}.Release|Any CPU.ActiveCfg = Release|Any CPU
		{9463FA72-00DD-46A1-B285-86E8863EFBDC}.Release|Any CPU.Build.0 = Release|Any CPU
		{5E380937-2E67-4F7E-8058-FC7BFBB9246B}.Debug|Any CPU.ActiveCfg = Debug|Any CPU
		{5E380937-2E67-4F7E-8058-FC7BFBB9246B}.Debug|Any CPU.Build.0 = Debug|Any CPU
		{5E380937-2E67-4F7E-8058-FC7BFBB9246B}.Release|Any CPU.ActiveCfg = Release|Any CPU
		{5E380937-2E67-4F7E-8058-FC7BFBB9246B}.Release|Any CPU.Build.0 = Release|Any CPU
	EndGlobalSection
	GlobalSection(SolutionProperties) = preSolution
		HideSolutionNode = FALSE
	EndGlobalSection
	GlobalSection(ExtensibilityGlobals) = postSolution
		SolutionGuid = {E46A53F9-76D6-4CD7-B107-E18644EBBFF4}
	EndGlobalSection
EndGlobal
